
Microsoft Visual Studio Solution File, Format Version 12.00
# Visual Studio Version 17
VisualStudioVersion = 17.2.32519.379
MinimumVisualStudioVersion = 10.0.40219.1
Project("{FAE04EC0-301F-11D3-BF4B-00C04F79EFBC}") = "Beltek66.HelloMvc", "Beltek66.HelloMvc\Beltek66.HelloMvc.csproj", "{9736A2B6-CB2A-48CA-A3EF-177ED313C4D0}"
EndProject
Global
	GlobalSection(SolutionConfigurationPlatforms) = preSolution
		Debug|Any CPU = Debug|Any CPU
		Release|Any CPU = Release|Any CPU
	EndGlobalSection
	GlobalSection(ProjectConfigurationPlatforms) = postSolution
		{9736A2B6-CB2A-48CA-A3EF-177ED313C4D0}.Debug|Any CPU.ActiveCfg = Debug|Any CPU
		{9736A2B6-CB2A-48CA-A3EF-177ED313C4D0}.Debug|Any CPU.Build.0 = Debug|Any CPU
		{9736A2B6-CB2A-48CA-A3EF-177ED313C4D0}.Release|Any CPU.ActiveCfg = Release|Any CPU
		{9736A2B6-CB2A-48CA-A3EF-177ED313C4D0}.Release|Any CPU.Build.0 = Release|Any CPU
	EndGlobalSection
	GlobalSection(SolutionProperties) = preSolution
		HideSolutionNode = FALSE
	EndGlobalSection
	GlobalSection(ExtensibilityGlobals) = postSolution
		SolutionGuid = {E3F4EBC7-FB51-48EA-AEA8-9DFA35EB099B}
	EndGlobalSection
EndGlobal
